// !$*UTF8*$!
{
	archiveVersion = 1;
	classes = {
	};
	objectVersion = 50;
	objects = {

/* Begin PBXBuildFile section */
		3F17E719217A40A6007E2DD7 /* AppDelegate.swift in Sources */ = {isa = PBXBuildFile; fileRef = 3F17E718217A40A6007E2DD7 /* AppDelegate.swift */; };
		3F17E71B217A40A6007E2DD7 /* ViewController.swift in Sources */ = {isa = PBXBuildFile; fileRef = 3F17E71A217A40A6007E2DD7 /* ViewController.swift */; };
		3F17E71E217A40A6007E2DD7 /* Main.storyboard in Resources */ = {isa = PBXBuildFile; fileRef = 3F17E71C217A40A6007E2DD7 /* Main.storyboard */; };
		3F17E720217A40A7007E2DD7 /* Assets.xcassets in Resources */ = {isa = PBXBuildFile; fileRef = 3F17E71F217A40A7007E2DD7 /* Assets.xcassets */; };
		3F17E723217A40A7007E2DD7 /* LaunchScreen.storyboard in Resources */ = {isa = PBXBuildFile; fileRef = 3F17E721217A40A7007E2DD7 /* LaunchScreen.storyboard */; };
		3F17E728217A40A7007E2DD7 /* K-Uber WatchKit App.app in Embed Watch Content */ = {isa = PBXBuildFile; fileRef = 3F17E727217A40A7007E2DD7 /* K-Uber WatchKit App.app */; };
		3F17E730217A40A7007E2DD7 /* Assets.xcassets in Resources */ = {isa = PBXBuildFile; fileRef = 3F17E72F217A40A7007E2DD7 /* Assets.xcassets */; };
		3F17E737217A40A8007E2DD7 /* K-Uber WatchKit Extension.appex in Embed App Extensions */ = {isa = PBXBuildFile; fileRef = 3F17E736217A40A8007E2DD7 /* K-Uber WatchKit Extension.appex */; settings = {ATTRIBUTES = (RemoveHeadersOnCopy, ); }; };
		3F17E73C217A40A8007E2DD7 /* InterfaceController.swift in Sources */ = {isa = PBXBuildFile; fileRef = 3F17E73B217A40A8007E2DD7 /* InterfaceController.swift */; };
		3F17E73E217A40A8007E2DD7 /* ExtensionDelegate.swift in Sources */ = {isa = PBXBuildFile; fileRef = 3F17E73D217A40A8007E2DD7 /* ExtensionDelegate.swift */; };
		3F17E740217A40A8007E2DD7 /* NotificationController.swift in Sources */ = {isa = PBXBuildFile; fileRef = 3F17E73F217A40A8007E2DD7 /* NotificationController.swift */; };
		3F17E742217A40A8007E2DD7 /* Assets.xcassets in Resources */ = {isa = PBXBuildFile; fileRef = 3F17E741217A40A8007E2DD7 /* Assets.xcassets */; };
		A96BFB242190E0B900133527 /* Interface.storyboard in Resources */ = {isa = PBXBuildFile; fileRef = 3F17E72C217A40A7007E2DD7 /* Interface.storyboard */; };
		A96BFB262190E11200133527 /* AnotherInterfaceController.swift in Sources */ = {isa = PBXBuildFile; fileRef = A96BFB252190E11200133527 /* AnotherInterfaceController.swift */; };
/* End PBXBuildFile section */

/* Begin PBXContainerItemProxy section */
		3F17E729217A40A7007E2DD7 /* PBXContainerItemProxy */ = {
			isa = PBXContainerItemProxy;
			containerPortal = 3F17E70D217A40A6007E2DD7 /* Project object */;
			proxyType = 1;
			remoteGlobalIDString = 3F17E726217A40A7007E2DD7;
			remoteInfo = "MyApp WatchKit App";
		};
		3F17E738217A40A8007E2DD7 /* PBXContainerItemProxy */ = {
			isa = PBXContainerItemProxy;
			containerPortal = 3F17E70D217A40A6007E2DD7 /* Project object */;
			proxyType = 1;
			remoteGlobalIDString = 3F17E735217A40A8007E2DD7;
			remoteInfo = "MyApp WatchKit Extension";
		};
/* End PBXContainerItemProxy section */

/* Begin PBXCopyFilesBuildPhase section */
		3F17E74A217A40A8007E2DD7 /* Embed App Extensions */ = {
			isa = PBXCopyFilesBuildPhase;
			buildActionMask = 2147483647;
			dstPath = "";
			dstSubfolderSpec = 13;
			files = (
				3F17E737217A40A8007E2DD7 /* K-Uber WatchKit Extension.appex in Embed App Extensions */,
			);
			name = "Embed App Extensions";
			runOnlyForDeploymentPostprocessing = 0;
		};
		3F17E74E217A40A8007E2DD7 /* Embed Watch Content */ = {
			isa = PBXCopyFilesBuildPhase;
			buildActionMask = 2147483647;
			dstPath = "$(CONTENTS_FOLDER_PATH)/Watch";
			dstSubfolderSpec = 16;
			files = (
				3F17E728217A40A7007E2DD7 /* K-Uber WatchKit App.app in Embed Watch Content */,
			);
			name = "Embed Watch Content";
			runOnlyForDeploymentPostprocessing = 0;
		};
/* End PBXCopyFilesBuildPhase section */

/* Begin PBXFileReference section */
		3F17E715217A40A6007E2DD7 /* K-Uber.app */ = {isa = PBXFileReference; explicitFileType = wrapper.application; includeInIndex = 0; path = "K-Uber.app"; sourceTree = BUILT_PRODUCTS_DIR; };
		3F17E718217A40A6007E2DD7 /* AppDelegate.swift */ = {isa = PBXFileReference; lastKnownFileType = sourcecode.swift; path = AppDelegate.swift; sourceTree = "<group>"; };
		3F17E71A217A40A6007E2DD7 /* ViewController.swift */ = {isa = PBXFileReference; lastKnownFileType = sourcecode.swift; path = ViewController.swift; sourceTree = "<group>"; };
		3F17E71D217A40A6007E2DD7 /* Base */ = {isa = PBXFileReference; lastKnownFileType = file.storyboard; name = Base; path = Base.lproj/Main.storyboard; sourceTree = "<group>"; };
		3F17E71F217A40A7007E2DD7 /* Assets.xcassets */ = {isa = PBXFileReference; lastKnownFileType = folder.assetcatalog; path = Assets.xcassets; sourceTree = "<group>"; };
		3F17E722217A40A7007E2DD7 /* Base */ = {isa = PBXFileReference; lastKnownFileType = file.storyboard; name = Base; path = Base.lproj/LaunchScreen.storyboard; sourceTree = "<group>"; };
		3F17E724217A40A7007E2DD7 /* Info.plist */ = {isa = PBXFileReference; lastKnownFileType = text.plist.xml; path = Info.plist; sourceTree = "<group>"; };
		3F17E727217A40A7007E2DD7 /* K-Uber WatchKit App.app */ = {isa = PBXFileReference; explicitFileType = wrapper.application; includeInIndex = 0; path = "K-Uber WatchKit App.app"; sourceTree = BUILT_PRODUCTS_DIR; };
		3F17E72D217A40A7007E2DD7 /* Base */ = {isa = PBXFileReference; lastKnownFileType = file.storyboard; name = Base; path = Base.lproj/Interface.storyboard; sourceTree = "<group>"; };
		3F17E72F217A40A7007E2DD7 /* Assets.xcassets */ = {isa = PBXFileReference; lastKnownFileType = folder.assetcatalog; path = Assets.xcassets; sourceTree = "<group>"; };
		3F17E731217A40A7007E2DD7 /* Info.plist */ = {isa = PBXFileReference; lastKnownFileType = text.plist.xml; path = Info.plist; sourceTree = "<group>"; };
		3F17E736217A40A8007E2DD7 /* K-Uber WatchKit Extension.appex */ = {isa = PBXFileReference; explicitFileType = "wrapper.app-extension"; includeInIndex = 0; path = "K-Uber WatchKit Extension.appex"; sourceTree = BUILT_PRODUCTS_DIR; };
		3F17E73B217A40A8007E2DD7 /* InterfaceController.swift */ = {isa = PBXFileReference; lastKnownFileType = sourcecode.swift; path = InterfaceController.swift; sourceTree = "<group>"; };
		3F17E73D217A40A8007E2DD7 /* ExtensionDelegate.swift */ = {isa = PBXFileReference; lastKnownFileType = sourcecode.swift; path = ExtensionDelegate.swift; sourceTree = "<group>"; };
		3F17E73F217A40A8007E2DD7 /* NotificationController.swift */ = {isa = PBXFileReference; lastKnownFileType = sourcecode.swift; path = NotificationController.swift; sourceTree = "<group>"; };
		3F17E741217A40A8007E2DD7 /* Assets.xcassets */ = {isa = PBXFileReference; lastKnownFileType = folder.assetcatalog; path = Assets.xcassets; sourceTree = "<group>"; };
		3F17E743217A40A8007E2DD7 /* Info.plist */ = {isa = PBXFileReference; lastKnownFileType = text.plist.xml; path = Info.plist; sourceTree = "<group>"; };
		3F17E744217A40A8007E2DD7 /* PushNotificationPayload.apns */ = {isa = PBXFileReference; lastKnownFileType = text; path = PushNotificationPayload.apns; sourceTree = "<group>"; };
		A96BFB252190E11200133527 /* AnotherInterfaceController.swift */ = {isa = PBXFileReference; lastKnownFileType = sourcecode.swift; path = AnotherInterfaceController.swift; sourceTree = "<group>"; };
/* End PBXFileReference section */

/* Begin PBXFrameworksBuildPhase section */
		3F17E712217A40A6007E2DD7 /* Frameworks */ = {
			isa = PBXFrameworksBuildPhase;
			buildActionMask = 2147483647;
			files = (
			);
			runOnlyForDeploymentPostprocessing = 0;
		};
		3F17E733217A40A8007E2DD7 /* Frameworks */ = {
			isa = PBXFrameworksBuildPhase;
			buildActionMask = 2147483647;
			files = (
			);
			runOnlyForDeploymentPostprocessing = 0;
		};
/* End PBXFrameworksBuildPhase section */

/* Begin PBXGroup section */
		3F17E70C217A40A6007E2DD7 = {
			isa = PBXGroup;
			children = (
				3F17E717217A40A6007E2DD7 /* K-Uber */,
				3F17E72B217A40A7007E2DD7 /* K-Uber WatchKit App */,
				3F17E73A217A40A8007E2DD7 /* K-Uber WatchKit Extension */,
				3F17E716217A40A6007E2DD7 /* Products */,
			);
			sourceTree = "<group>";
		};
		3F17E716217A40A6007E2DD7 /* Products */ = {
			isa = PBXGroup;
			children = (
				3F17E715217A40A6007E2DD7 /* K-Uber.app */,
				3F17E727217A40A7007E2DD7 /* K-Uber WatchKit App.app */,
				3F17E736217A40A8007E2DD7 /* K-Uber WatchKit Extension.appex */,
			);
			name = Products;
			sourceTree = "<group>";
		};
		3F17E717217A40A6007E2DD7 /* K-Uber */ = {
			isa = PBXGroup;
			children = (
				3F17E718217A40A6007E2DD7 /* AppDelegate.swift */,
				3F17E71A217A40A6007E2DD7 /* ViewController.swift */,
				3F17E71C217A40A6007E2DD7 /* Main.storyboard */,
				3F17E71F217A40A7007E2DD7 /* Assets.xcassets */,
				3F17E721217A40A7007E2DD7 /* LaunchScreen.storyboard */,
				3F17E724217A40A7007E2DD7 /* Info.plist */,
			);
			path = "K-Uber";
			sourceTree = "<group>";
		};
		3F17E72B217A40A7007E2DD7 /* K-Uber WatchKit App */ = {
			isa = PBXGroup;
			children = (
				3F17E72C217A40A7007E2DD7 /* Interface.storyboard */,
				3F17E72F217A40A7007E2DD7 /* Assets.xcassets */,
				3F17E731217A40A7007E2DD7 /* Info.plist */,
			);
			path = "K-Uber WatchKit App";
			sourceTree = "<group>";
		};
		3F17E73A217A40A8007E2DD7 /* K-Uber WatchKit Extension */ = {
			isa = PBXGroup;
			children = (
				3F17E73B217A40A8007E2DD7 /* InterfaceController.swift */,
				3F17E73D217A40A8007E2DD7 /* ExtensionDelegate.swift */,
				3F17E73F217A40A8007E2DD7 /* NotificationController.swift */,
				3F17E741217A40A8007E2DD7 /* Assets.xcassets */,
				3F17E743217A40A8007E2DD7 /* Info.plist */,
				3F17E744217A40A8007E2DD7 /* PushNotificationPayload.apns */,
				A96BFB252190E11200133527 /* AnotherInterfaceController.swift */,
			);
			path = "K-Uber WatchKit Extension";
			sourceTree = "<group>";
		};
/* End PBXGroup section */

/* Begin PBXNativeTarget section */
		3F17E714217A40A6007E2DD7 /* K-Uber */ = {
			isa = PBXNativeTarget;
			buildConfigurationList = 3F17E74F217A40A8007E2DD7 /* Build configuration list for PBXNativeTarget "K-Uber" */;
			buildPhases = (
				3F17E711217A40A6007E2DD7 /* Sources */,
				3F17E712217A40A6007E2DD7 /* Frameworks */,
				3F17E713217A40A6007E2DD7 /* Resources */,
				3F17E74E217A40A8007E2DD7 /* Embed Watch Content */,
			);
			buildRules = (
			);
			dependencies = (
				3F17E72A217A40A7007E2DD7 /* PBXTargetDependency */,
			);
			name = "K-Uber";
			productName = MyApp;
			productReference = 3F17E715217A40A6007E2DD7 /* K-Uber.app */;
			productType = "com.apple.product-type.application";
		};
		3F17E726217A40A7007E2DD7 /* K-Uber WatchKit App */ = {
			isa = PBXNativeTarget;
			buildConfigurationList = 3F17E74B217A40A8007E2DD7 /* Build configuration list for PBXNativeTarget "K-Uber WatchKit App" */;
			buildPhases = (
				3F17E725217A40A7007E2DD7 /* Resources */,
				3F17E74A217A40A8007E2DD7 /* Embed App Extensions */,
			);
			buildRules = (
			);
			dependencies = (
				3F17E739217A40A8007E2DD7 /* PBXTargetDependency */,
			);
			name = "K-Uber WatchKit App";
			productName = "MyApp WatchKit App";
			productReference = 3F17E727217A40A7007E2DD7 /* K-Uber WatchKit App.app */;
			productType = "com.apple.product-type.application.watchapp2";
		};
		3F17E735217A40A8007E2DD7 /* K-Uber WatchKit Extension */ = {
			isa = PBXNativeTarget;
			buildConfigurationList = 3F17E747217A40A8007E2DD7 /* Build configuration list for PBXNativeTarget "K-Uber WatchKit Extension" */;
			buildPhases = (
				3F17E732217A40A8007E2DD7 /* Sources */,
				3F17E733217A40A8007E2DD7 /* Frameworks */,
				3F17E734217A40A8007E2DD7 /* Resources */,
			);
			buildRules = (
			);
			dependencies = (
			);
			name = "K-Uber WatchKit Extension";
			productName = "MyApp WatchKit Extension";
			productReference = 3F17E736217A40A8007E2DD7 /* K-Uber WatchKit Extension.appex */;
			productType = "com.apple.product-type.watchkit2-extension";
		};
/* End PBXNativeTarget section */

/* Begin PBXProject section */
		3F17E70D217A40A6007E2DD7 /* Project object */ = {
			isa = PBXProject;
			attributes = {
				LastSwiftUpdateCheck = 1000;
				LastUpgradeCheck = 1000;
				ORGANIZATIONNAME = Student;
				TargetAttributes = {
					3F17E714217A40A6007E2DD7 = {
						CreatedOnToolsVersion = 10.0;
					};
					3F17E726217A40A7007E2DD7 = {
						CreatedOnToolsVersion = 10.0;
					};
					3F17E735217A40A8007E2DD7 = {
						CreatedOnToolsVersion = 10.0;
					};
				};
			};
			buildConfigurationList = 3F17E710217A40A6007E2DD7 /* Build configuration list for PBXProject "K-Uber" */;
			compatibilityVersion = "Xcode 9.3";
			developmentRegion = en;
			hasScannedForEncodings = 0;
			knownRegions = (
				en,
				Base,
			);
			mainGroup = 3F17E70C217A40A6007E2DD7;
			productRefGroup = 3F17E716217A40A6007E2DD7 /* Products */;
			projectDirPath = "";
			projectRoot = "";
			targets = (
				3F17E714217A40A6007E2DD7 /* K-Uber */,
				3F17E726217A40A7007E2DD7 /* K-Uber WatchKit App */,
				3F17E735217A40A8007E2DD7 /* K-Uber WatchKit Extension */,
			);
		};
/* End PBXProject section */

/* Begin PBXResourcesBuildPhase section */
		3F17E713217A40A6007E2DD7 /* Resources */ = {
			isa = PBXResourcesBuildPhase;
			buildActionMask = 2147483647;
			files = (
				3F17E723217A40A7007E2DD7 /* LaunchScreen.storyboard in Resources */,
				3F17E720217A40A7007E2DD7 /* Assets.xcassets in Resources */,
				3F17E71E217A40A6007E2DD7 /* Main.storyboard in Resources */,
			);
			runOnlyForDeploymentPostprocessing = 0;
		};
		3F17E725217A40A7007E2DD7 /* Resources */ = {
			isa = PBXResourcesBuildPhase;
			buildActionMask = 2147483647;
			files = (
				3F17E730217A40A7007E2DD7 /* Assets.xcassets in Resources */,
			);
			runOnlyForDeploymentPostprocessing = 0;
		};
		3F17E734217A40A8007E2DD7 /* Resources */ = {
			isa = PBXResourcesBuildPhase;
			buildActionMask = 2147483647;
			files = (
				A96BFB242190E0B900133527 /* Interface.storyboard in Resources */,
				3F17E742217A40A8007E2DD7 /* Assets.xcassets in Resources */,
			);
			runOnlyForDeploymentPostprocessing = 0;
		};
/* End PBXResourcesBuildPhase section */

/* Begin PBXSourcesBuildPhase section */
		3F17E711217A40A6007E2DD7 /* Sources */ = {
			isa = PBXSourcesBuildPhase;
			buildActionMask = 2147483647;
			files = (
				3F17E71B217A40A6007E2DD7 /* ViewController.swift in Sources */,
				3F17E719217A40A6007E2DD7 /* AppDelegate.swift in Sources */,
			);
			runOnlyForDeploymentPostprocessing = 0;
		};
		3F17E732217A40A8007E2DD7 /* Sources */ = {
			isa = PBXSourcesBuildPhase;
			buildActionMask = 2147483647;
			files = (
				3F17E740217A40A8007E2DD7 /* NotificationController.swift in Sources */,
				3F17E73E217A40A8007E2DD7 /* ExtensionDelegate.swift in Sources */,
				A96BFB262190E11200133527 /* AnotherInterfaceController.swift in Sources */,
				3F17E73C217A40A8007E2DD7 /* InterfaceController.swift in Sources */,
			);
			runOnlyForDeploymentPostprocessing = 0;
		};
/* End PBXSourcesBuildPhase section */

/* Begin PBXTargetDependency section */
		3F17E72A217A40A7007E2DD7 /* PBXTargetDependency */ = {
			isa = PBXTargetDependency;
			target = 3F17E726217A40A7007E2DD7 /* K-Uber WatchKit App */;
			targetProxy = 3F17E729217A40A7007E2DD7 /* PBXContainerItemProxy */;
		};
		3F17E739217A40A8007E2DD7 /* PBXTargetDependency */ = {
			isa = PBXTargetDependency;
			target = 3F17E735217A40A8007E2DD7 /* K-Uber WatchKit Extension */;
			targetProxy = 3F17E738217A40A8007E2DD7 /* PBXContainerItemProxy */;
		};
/* End PBXTargetDependency section */

/* Begin PBXVariantGroup section */
		3F17E71C217A40A6007E2DD7 /* Main.storyboard */ = {
			isa = PBXVariantGroup;
			children = (
				3F17E71D217A40A6007E2DD7 /* Base */,
			);
			name = Main.storyboard;
			sourceTree = "<group>";
		};
		3F17E721217A40A7007E2DD7 /* LaunchScreen.storyboard */ = {
			isa = PBXVariantGroup;
			children = (
				3F17E722217A40A7007E2DD7 /* Base */,
			);
			name = LaunchScreen.storyboard;
			sourceTree = "<group>";
		};
		3F17E72C217A40A7007E2DD7 /* Interface.storyboard */ = {
			isa = PBXVariantGroup;
			children = (
				3F17E72D217A40A7007E2DD7 /* Base */,
			);
			name = Interface.storyboard;
			sourceTree = "<group>";
		};
/* End PBXVariantGroup section */

/* Begin XCBuildConfiguration section */
		3F17E745217A40A8007E2DD7 /* Debug */ = {
			isa = XCBuildConfiguration;
			buildSettings = {
				ALWAYS_SEARCH_USER_PATHS = NO;
				CLANG_ANALYZER_NONNULL = YES;
				CLANG_ANALYZER_NUMBER_OBJECT_CONVERSION = YES_AGGRESSIVE;
				CLANG_CXX_LANGUAGE_STANDARD = "gnu++14";
				CLANG_CXX_LIBRARY = "libc++";
				CLANG_ENABLE_MODULES = YES;
				CLANG_ENABLE_OBJC_ARC = YES;
				CLANG_ENABLE_OBJC_WEAK = YES;
				CLANG_WARN_BLOCK_CAPTURE_AUTORELEASING = YES;
				CLANG_WARN_BOOL_CONVERSION = YES;
				CLANG_WARN_COMMA = YES;
				CLANG_WARN_CONSTANT_CONVERSION = YES;
				CLANG_WARN_DEPRECATED_OBJC_IMPLEMENTATIONS = YES;
				CLANG_WARN_DIRECT_OBJC_ISA_USAGE = YES_ERROR;
				CLANG_WARN_DOCUMENTATION_COMMENTS = YES;
				CLANG_WARN_EMPTY_BODY = YES;
				CLANG_WARN_ENUM_CONVERSION = YES;
				CLANG_WARN_INFINITE_RECURSION = YES;
				CLANG_WARN_INT_CONVERSION = YES;
				CLANG_WARN_NON_LITERAL_NULL_CONVERSION = YES;
				CLANG_WARN_OBJC_IMPLICIT_RETAIN_SELF = YES;
				CLANG_WARN_OBJC_LITERAL_CONVERSION = YES;
				CLANG_WARN_OBJC_ROOT_CLASS = YES_ERROR;
				CLANG_WARN_RANGE_LOOP_ANALYSIS = YES;
				CLANG_WARN_STRICT_PROTOTYPES = YES;
				CLANG_WARN_SUSPICIOUS_MOVE = YES;
				CLANG_WARN_UNGUARDED_AVAILABILITY = YES_AGGRESSIVE;
				CLANG_WARN_UNREACHABLE_CODE = YES;
				CLANG_WARN__DUPLICATE_METHOD_MATCH = YES;
				CODE_SIGN_IDENTITY = "iPhone Developer";
				COPY_PHASE_STRIP = NO;
				DEBUG_INFORMATION_FORMAT = dwarf;
				ENABLE_STRICT_OBJC_MSGSEND = YES;
				ENABLE_TESTABILITY = YES;
				GCC_C_LANGUAGE_STANDARD = gnu11;
				GCC_DYNAMIC_NO_PIC = NO;
				GCC_NO_COMMON_BLOCKS = YES;
				GCC_OPTIMIZATION_LEVEL = 0;
				GCC_PREPROCESSOR_DEFINITIONS = (
					"DEBUG=1",
					"$(inherited)",
				);
				GCC_WARN_64_TO_32_BIT_CONVERSION = YES;
				GCC_WARN_ABOUT_RETURN_TYPE = YES_ERROR;
				GCC_WARN_UNDECLARED_SELECTOR = YES;
				GCC_WARN_UNINITIALIZED_AUTOS = YES_AGGRESSIVE;
				GCC_WARN_UNUSED_FUNCTION = YES;
				GCC_WARN_UNUSED_VARIABLE = YES;
				IPHONEOS_DEPLOYMENT_TARGET = 12.0;
				MTL_ENABLE_DEBUG_INFO = INCLUDE_SOURCE;
				MTL_FAST_MATH = YES;
				ONLY_ACTIVE_ARCH = YES;
				SDKROOT = iphoneos;
				SWIFT_ACTIVE_COMPILATION_CONDITIONS = DEBUG;
				SWIFT_OPTIMIZATION_LEVEL = "-Onone";
			};
			name = Debug;
		};
		3F17E746217A40A8007E2DD7 /* Release */ = {
			isa = XCBuildConfiguration;
			buildSettings = {
				ALWAYS_SEARCH_USER_PATHS = NO;
				CLANG_ANALYZER_NONNULL = YES;
				CLANG_ANALYZER_NUMBER_OBJECT_CONVERSION = YES_AGGRESSIVE;
				CLANG_CXX_LANGUAGE_STANDARD = "gnu++14";
				CLANG_CXX_LIBRARY = "libc++";
				CLANG_ENABLE_MODULES = YES;
				CLANG_ENABLE_OBJC_ARC = YES;
				CLANG_ENABLE_OBJC_WEAK = YES;
				CLANG_WARN_BLOCK_CAPTURE_AUTORELEASING = YES;
				CLANG_WARN_BOOL_CONVERSION = YES;
				CLANG_WARN_COMMA = YES;
				CLANG_WARN_CONSTANT_CONVERSION = YES;
				CLANG_WARN_DEPRECATED_OBJC_IMPLEMENTATIONS = YES;
				CLANG_WARN_DIRECT_OBJC_ISA_USAGE = YES_ERROR;
				CLANG_WARN_DOCUMENTATION_COMMENTS = YES;
				CLANG_WARN_EMPTY_BODY = YES;
				CLANG_WARN_ENUM_CONVERSION = YES;
				CLANG_WARN_INFINITE_RECURSION = YES;
				CLANG_WARN_INT_CONVERSION = YES;
				CLANG_WARN_NON_LITERAL_NULL_CONVERSION = YES;
				CLANG_WARN_OBJC_IMPLICIT_RETAIN_SELF = YES;
				CLANG_WARN_OBJC_LITERAL_CONVERSION = YES;
				CLANG_WARN_OBJC_ROOT_CLASS = YES_ERROR;
				CLANG_WARN_RANGE_LOOP_ANALYSIS = YES;
				CLANG_WARN_STRICT_PROTOTYPES = YES;
				CLANG_WARN_SUSPICIOUS_MOVE = YES;
				CLANG_WARN_UNGUARDED_AVAILABILITY = YES_AGGRESSIVE;
				CLANG_WARN_UNREACHABLE_CODE = YES;
				CLANG_WARN__DUPLICATE_METHOD_MATCH = YES;
				CODE_SIGN_IDENTITY = "iPhone Developer";
				COPY_PHASE_STRIP = NO;
				DEBUG_INFORMATION_FORMAT = "dwarf-with-dsym";
				ENABLE_NS_ASSERTIONS = NO;
				ENABLE_STRICT_OBJC_MSGSEND = YES;
				GCC_C_LANGUAGE_STANDARD = gnu11;
				GCC_NO_COMMON_BLOCKS = YES;
				GCC_WARN_64_TO_32_BIT_CONVERSION = YES;
				GCC_WARN_ABOUT_RETURN_TYPE = YES_ERROR;
				GCC_WARN_UNDECLARED_SELECTOR = YES;
				GCC_WARN_UNINITIALIZED_AUTOS = YES_AGGRESSIVE;
				GCC_WARN_UNUSED_FUNCTION = YES;
				GCC_WARN_UNUSED_VARIABLE = YES;
				IPHONEOS_DEPLOYMENT_TARGET = 12.0;
				MTL_ENABLE_DEBUG_INFO = NO;
				MTL_FAST_MATH = YES;
				SDKROOT = iphoneos;
				SWIFT_COMPILATION_MODE = wholemodule;
				SWIFT_OPTIMIZATION_LEVEL = "-O";
				VALIDATE_PRODUCT = YES;
			};
			name = Release;
		};
		3F17E748217A40A8007E2DD7 /* Debug */ = {
			isa = XCBuildConfiguration;
			buildSettings = {
				ASSETCATALOG_COMPILER_COMPLICATION_NAME = Complication;
				CODE_SIGN_STYLE = Automatic;
				INFOPLIST_FILE = "MyApp WatchKit Extension/Info.plist";
				LD_RUNPATH_SEARCH_PATHS = (
					"$(inherited)",
					"@executable_path/Frameworks",
					"@executable_path/../../Frameworks",
				);
				PRODUCT_BUNDLE_IDENTIFIER = b.MyApp.watchkitapp.watchkitextension;
				PRODUCT_NAME = "${TARGET_NAME}";
				SDKROOT = watchos;
				SKIP_INSTALL = YES;
				SWIFT_VERSION = 4.2;
				TARGETED_DEVICE_FAMILY = 4;
				WATCHOS_DEPLOYMENT_TARGET = 5.0;
			};
			name = Debug;
		};
		3F17E749217A40A8007E2DD7 /* Release */ = {
			isa = XCBuildConfiguration;
			buildSettings = {
				ASSETCATALOG_COMPILER_COMPLICATION_NAME = Complication;
				CODE_SIGN_STYLE = Automatic;
				INFOPLIST_FILE = "MyApp WatchKit Extension/Info.plist";
				LD_RUNPATH_SEARCH_PATHS = (
					"$(inherited)",
					"@executable_path/Frameworks",
					"@executable_path/../../Frameworks",
				);
				PRODUCT_BUNDLE_IDENTIFIER = b.MyApp.watchkitapp.watchkitextension;
				PRODUCT_NAME = "${TARGET_NAME}";
				SDKROOT = watchos;
				SKIP_INSTALL = YES;
				SWIFT_VERSION = 4.2;
				TARGETED_DEVICE_FAMILY = 4;
				WATCHOS_DEPLOYMENT_TARGET = 5.0;
			};
			name = Release;
		};
		3F17E74C217A40A8007E2DD7 /* Debug */ = {
			isa = XCBuildConfiguration;
			buildSettings = {
				ALWAYS_EMBED_SWIFT_STANDARD_LIBRARIES = YES;
				ASSETCATALOG_COMPILER_APPICON_NAME = AppIcon;
				CODE_SIGN_STYLE = Automatic;
				IBSC_MODULE = MyApp_WatchKit_Extension;
				INFOPLIST_FILE = "MyApp WatchKit App/Info.plist";
				PRODUCT_BUNDLE_IDENTIFIER = b.MyApp.watchkitapp;
				PRODUCT_NAME = "$(TARGET_NAME)";
				SDKROOT = watchos;
				SKIP_INSTALL = YES;
				SWIFT_VERSION = 4.2;
				TARGETED_DEVICE_FAMILY = 4;
				WATCHOS_DEPLOYMENT_TARGET = 5.0;
			};
			name = Debug;
		};
		3F17E74D217A40A8007E2DD7 /* Release */ = {
			isa = XCBuildConfiguration;
			buildSettings = {
				ALWAYS_EMBED_SWIFT_STANDARD_LIBRARIES = YES;
				ASSETCATALOG_COMPILER_APPICON_NAME = AppIcon;
				CODE_SIGN_STYLE = Automatic;
				IBSC_MODULE = MyApp_WatchKit_Extension;
				INFOPLIST_FILE = "MyApp WatchKit App/Info.plist";
				PRODUCT_BUNDLE_IDENTIFIER = b.MyApp.watchkitapp;
				PRODUCT_NAME = "$(TARGET_NAME)";
				SDKROOT = watchos;
				SKIP_INSTALL = YES;
				SWIFT_VERSION = 4.2;
				TARGETED_DEVICE_FAMILY = 4;
				WATCHOS_DEPLOYMENT_TARGET = 5.0;
			};
			name = Release;
		};
		3F17E750217A40A8007E2DD7 /* Debug */ = {
			isa = XCBuildConfiguration;
			buildSettings = {
				ASSETCATALOG_COMPILER_APPICON_NAME = AppIcon;
				CODE_SIGN_STYLE = Automatic;
				INFOPLIST_FILE = "K-Uber/Info.plist";
				LD_RUNPATH_SEARCH_PATHS = (
					"$(inherited)",
					"@executable_path/Frameworks",
				);
				PRODUCT_BUNDLE_IDENTIFIER = "b.K-Uber";
				PRODUCT_NAME = "$(TARGET_NAME)";
				SWIFT_VERSION = 4.2;
				TARGETED_DEVICE_FAMILY = "1,2";
			};
			name = Debug;
		};
		3F17E751217A40A8007E2DD7 /* Release */ = {
			isa = XCBuildConfiguration;
			buildSettings = {
				ASSETCATALOG_COMPILER_APPICON_NAME = AppIcon;
				CODE_SIGN_STYLE = Automatic;
				INFOPLIST_FILE = "K-Uber/Info.plist";
				LD_RUNPATH_SEARCH_PATHS = (
					"$(inherited)",
					"@executable_path/Frameworks",
				);
				PRODUCT_BUNDLE_IDENTIFIER = "b.K-Uber";
				PRODUCT_NAME = "$(TARGET_NAME)";
				SWIFT_VERSION = 4.2;
				TARGETED_DEVICE_FAMILY = "1,2";
			};
			name = Release;
		};
/* End XCBuildConfiguration section */

/* Begin XCConfigurationList section */
		3F17E710217A40A6007E2DD7 /* Build configuration list for PBXProject "K-Uber" */ = {
			isa = XCConfigurationList;
			buildConfigurations = (
				3F17E745217A40A8007E2DD7 /* Debug */,
				3F17E746217A40A8007E2DD7 /* Release */,
			);
			defaultConfigurationIsVisible = 0;
			defaultConfigurationName = Release;
		};
		3F17E747217A40A8007E2DD7 /* Build configuration list for PBXNativeTarget "K-Uber WatchKit Extension" */ = {
			isa = XCConfigurationList;
			buildConfigurations = (
				3F17E748217A40A8007E2DD7 /* Debug */,
				3F17E749217A40A8007E2DD7 /* Release */,
			);
			defaultConfigurationIsVisible = 0;
			defaultConfigurationName = Release;
		};
		3F17E74B217A40A8007E2DD7 /* Build configuration list for PBXNativeTarget "K-Uber WatchKit App" */ = {
			isa = XCConfigurationList;
			buildConfigurations = (
				3F17E74C217A40A8007E2DD7 /* Debug */,
				3F17E74D217A40A8007E2DD7 /* Release */,
			);
			defaultConfigurationIsVisible = 0;
			defaultConfigurationName = Release;
		};
		3F17E74F217A40A8007E2DD7 /* Build configuration list for PBXNativeTarget "K-Uber" */ = {
			isa = XCConfigurationList;
			buildConfigurations = (
				3F17E750217A40A8007E2DD7 /* Debug */,
				3F17E751217A40A8007E2DD7 /* Release */,
			);
			defaultConfigurationIsVisible = 0;
			defaultConfigurationName = Release;
		};
/* End XCConfigurationList section */
	};
	rootObject = 3F17E70D217A40A6007E2DD7 /* Project object */;
}
